
Microsoft Visual Studio Solution File, Format Version 12.00
# Visual Studio Version 16
VisualStudioVersion = 16.0.31605.320
MinimumVisualStudioVersion = 10.0.40219.1
Project("{FAE04EC0-301F-11D3-BF4B-00C04F79EFBC}") = "DoktorOtomasyonProjesi", "DoktorOtomasyonProjesi\DoktorOtomasyonProjesi.csproj", "{D76D3FFB-A6BE-473E-B46A-89AEEE41FAE0}"
EndProject
Global
	GlobalSection(SolutionConfigurationPlatforms) = preSolution
		Debug|Any CPU = Debug|Any CPU
		Release|Any CPU = Release|Any CPU
	EndGlobalSection
	GlobalSection(ProjectConfigurationPlatforms) = postSolution
		{D76D3FFB-A6BE-473E-B46A-89AEEE41FAE0}.Debug|Any CPU.ActiveCfg = Debug|Any CPU
		{D76D3FFB-A6BE-473E-B46A-89AEEE41FAE0}.Debug|Any CPU.Build.0 = Debug|Any CPU
		{D76D3FFB-A6BE-473E-B46A-89AEEE41FAE0}.Release|Any CPU.ActiveCfg = Release|Any CPU
		{D76D3FFB-A6BE-473E-B46A-89AEEE41FAE0}.Release|Any CPU.Build.0 = Release|Any CPU
	EndGlobalSection
	GlobalSection(SolutionProperties) = preSolution
		HideSolutionNode = FALSE
	EndGlobalSection
	GlobalSection(ExtensibilityGlobals) = postSolution
		SolutionGuid = {ADF64DA8-B2DC-4C39-A5CC-B91762FEB946}
	EndGlobalSection
EndGlobal
